
Microsoft Visual Studio Solution File, Format Version 12.00
# Visual Studio Version 16
VisualStudioVersion = 16.0.31313.79
MinimumVisualStudioVersion = 10.0.40219.1
Project("{2150E333-8FDC-42A3-9474-1A3956D46DE8}") = "Common", "Common", "{B3FF410E-795A-49E8-A004-A5FC6FB0E19C}"
EndProject
Project("{2150E333-8FDC-42A3-9474-1A3956D46DE8}") = "Services", "Services", "{3C560597-E8A3-407F-AAB5-0C70864D3504}"
EndProject
Project("{2150E333-8FDC-42A3-9474-1A3956D46DE8}") = "UI", "UI", "{68907034-C9B1-48E2-9145-DAE8EC6EB7DE}"
EndProject
Project("{9A19103F-16F7-4668-BE54-9A1E7A4F7556}") = "WebStore.Domain", "Common\WebStore.Domain\WebStore.Domain.csproj", "{1D29C3DA-C19B-4FF6-BD8F-FD3A81733B5E}"
EndProject
Project("{9A19103F-16F7-4668-BE54-9A1E7A4F7556}") = "WebStore.Dal", "Services\WebStore.Dal\WebStore.Dal.csproj", "{0289E085-649B-40E3-9E4E-1159218D1CE9}"
EndProject
Project("{9A19103F-16F7-4668-BE54-9A1E7A4F7556}") = "WebStore.Dal.Sqlite", "Services\WebStore.Dal.Sqlite\WebStore.Dal.Sqlite.csproj", "{01E5BB11-0C90-4923-A406-B1595F11E5A2}"
EndProject
Project("{9A19103F-16F7-4668-BE54-9A1E7A4F7556}") = "WebStore", "UI\WebStore\WebStore.csproj", "{BE6AE0AA-3FA3-428F-BDD5-275B95B67705}"
EndProject
Project("{9A19103F-16F7-4668-BE54-9A1E7A4F7556}") = "WebStore.Interfaces", "Services\WebStore.Interfaces\WebStore.Interfaces.csproj", "{C379DF6D-7ABA-4953-A31E-774851D5A8CB}"
EndProject
Project("{9A19103F-16F7-4668-BE54-9A1E7A4F7556}") = "WebStore.Services", "Services\WebStore.Services\WebStore.Services.csproj", "{4DB9B09A-911C-49CE-B313-87C13FE936D1}"
EndProject
Project("{9A19103F-16F7-4668-BE54-9A1E7A4F7556}") = "WebStore.WebAPI", "Services\WebStore.WebAPI\WebStore.WebAPI.csproj", "{38E1EE70-F050-414B-AAD7-EC12AE0893E3}"
EndProject
Project("{9A19103F-16F7-4668-BE54-9A1E7A4F7556}") = "WebStore.WebAPI.Client", "Services\WebStore.WebAPI.Client\WebStore.WebAPI.Client.csproj", "{CF8F2425-C111-40AE-858E-80387BC18054}"
EndProject
Project("{9A19103F-16F7-4668-BE54-9A1E7A4F7556}") = "ConsoleAppWebAPI", "UI\ConsoleAppWebAPI\ConsoleAppWebAPI.csproj", "{1BBD7649-C601-4102-950F-27C60F181E63}"
EndProject
Project("{2150E333-8FDC-42A3-9474-1A3956D46DE8}") = "Tests", "Tests", "{C9BF1977-395C-41FE-9E75-F8E67920353E}"
EndProject
Project("{9A19103F-16F7-4668-BE54-9A1E7A4F7556}") = "WebStore.Tests", "Tests\WebStore.Tests\WebStore.Tests.csproj", "{5DDA8759-467E-4FAD-A54B-5530BB57BBD3}"
EndProject
Project("{9A19103F-16F7-4668-BE54-9A1E7A4F7556}") = "WebStore.Services.Tests", "Tests\WebStore.Services.Tests\WebStore.Services.Tests.csproj", "{0BA9F33C-85A3-402A-B305-A2C6A431EBD6}"
EndProject
Project("{9A19103F-16F7-4668-BE54-9A1E7A4F7556}") = "WebStore.Domain.Tests", "Tests\WebStore.Domain.Tests\WebStore.Domain.Tests.csproj", "{0BD7BAFC-143D-45A7-92D6-01E87B9BE614}"
EndProject
Project("{FAE04EC0-301F-11D3-BF4B-00C04F79EFBC}") = "WebStore.WebAPI.Tests", "Tests\WebStore.WebAPI.Tests\WebStore.WebAPI.Tests.csproj", "{98AD57FC-7F30-47AC-B3F9-754CEBFF34B8}"
EndProject
Global
	GlobalSection(SolutionConfigurationPlatforms) = preSolution
		Debug|Any CPU = Debug|Any CPU
		Release|Any CPU = Release|Any CPU
	EndGlobalSection
	GlobalSection(ProjectConfigurationPlatforms) = postSolution
		{1D29C3DA-C19B-4FF6-BD8F-FD3A81733B5E}.Debug|Any CPU.ActiveCfg = Debug|Any CPU
		{1D29C3DA-C19B-4FF6-BD8F-FD3A81733B5E}.Debug|Any CPU.Build.0 = Debug|Any CPU
		{1D29C3DA-C19B-4FF6-BD8F-FD3A81733B5E}.Release|Any CPU.ActiveCfg = Release|Any CPU
		{1D29C3DA-C19B-4FF6-BD8F-FD3A81733B5E}.Release|Any CPU.Build.0 = Release|Any CPU
		{0289E085-649B-40E3-9E4E-1159218D1CE9}.Debug|Any CPU.ActiveCfg = Debug|Any CPU
		{0289E085-649B-40E3-9E4E-1159218D1CE9}.Debug|Any CPU.Build.0 = Debug|Any CPU
		{0289E085-649B-40E3-9E4E-1159218D1CE9}.Release|Any CPU.ActiveCfg = Release|Any CPU
		{0289E085-649B-40E3-9E4E-1159218D1CE9}.Release|Any CPU.Build.0 = Release|Any CPU
		{01E5BB11-0C90-4923-A406-B1595F11E5A2}.Debug|Any CPU.ActiveCfg = Debug|Any CPU
		{01E5BB11-0C90-4923-A406-B1595F11E5A2}.Debug|Any CPU.Build.0 = Debug|Any CPU
		{01E5BB11-0C90-4923-A406-B1595F11E5A2}.Release|Any CPU.ActiveCfg = Release|Any CPU
		{01E5BB11-0C90-4923-A406-B1595F11E5A2}.Release|Any CPU.Build.0 = Release|Any CPU
		{BE6AE0AA-3FA3-428F-BDD5-275B95B67705}.Debug|Any CPU.ActiveCfg = Debug|Any CPU
		{BE6AE0AA-3FA3-428F-BDD5-275B95B67705}.Debug|Any CPU.Build.0 = Debug|Any CPU
		{BE6AE0AA-3FA3-428F-BDD5-275B95B67705}.Release|Any CPU.ActiveCfg = Release|Any CPU
		{BE6AE0AA-3FA3-428F-BDD5-275B95B67705}.Release|Any CPU.Build.0 = Release|Any CPU
		{C379DF6D-7ABA-4953-A31E-774851D5A8CB}.Debug|Any CPU.ActiveCfg = Debug|Any CPU
		{C379DF6D-7ABA-4953-A31E-774851D5A8CB}.Debug|Any CPU.Build.0 = Debug|Any CPU
		{C379DF6D-7ABA-4953-A31E-774851D5A8CB}.Release|Any CPU.ActiveCfg = Release|Any CPU
		{C379DF6D-7ABA-4953-A31E-774851D5A8CB}.Release|Any CPU.Build.0 = Release|Any CPU
		{4DB9B09A-911C-49CE-B313-87C13FE936D1}.Debug|Any CPU.ActiveCfg = Debug|Any CPU
		{4DB9B09A-911C-49CE-B313-87C13FE936D1}.Debug|Any CPU.Build.0 = Debug|Any CPU
		{4DB9B09A-911C-49CE-B313-87C13FE936D1}.Release|Any CPU.ActiveCfg = Release|Any CPU
		{4DB9B09A-911C-49CE-B313-87C13FE936D1}.Release|Any CPU.Build.0 = Release|Any CPU
		{38E1EE70-F050-414B-AAD7-EC12AE0893E3}.Debug|Any CPU.ActiveCfg = Debug|Any CPU
		{38E1EE70-F050-414B-AAD7-EC12AE0893E3}.Debug|Any CPU.Build.0 = Debug|Any CPU
		{38E1EE70-F050-414B-AAD7-EC12AE0893E3}.Release|Any CPU.ActiveCfg = Release|Any CPU
		{38E1EE70-F050-414B-AAD7-EC12AE0893E3}.Release|Any CPU.Build.0 = Release|Any CPU
		{CF8F2425-C111-40AE-858E-80387BC18054}.Debug|Any CPU.ActiveCfg = Debug|Any CPU
		{CF8F2425-C111-40AE-858E-80387BC18054}.Debug|Any CPU.Build.0 = Debug|Any CPU
		{CF8F2425-C111-40AE-858E-80387BC18054}.Release|Any CPU.ActiveCfg = Release|Any CPU
		{CF8F2425-C111-40AE-858E-80387BC18054}.Release|Any CPU.Build.0 = Release|Any CPU
		{1BBD7649-C601-4102-950F-27C60F181E63}.Debug|Any CPU.ActiveCfg = Debug|Any CPU
		{1BBD7649-C601-4102-950F-27C60F181E63}.Debug|Any CPU.Build.0 = Debug|Any CPU
		{1BBD7649-C601-4102-950F-27C60F181E63}.Release|Any CPU.ActiveCfg = Release|Any CPU
		{1BBD7649-C601-4102-950F-27C60F181E63}.Release|Any CPU.Build.0 = Release|Any CPU
		{5DDA8759-467E-4FAD-A54B-5530BB57BBD3}.Debug|Any CPU.ActiveCfg = Debug|Any CPU
		{5DDA8759-467E-4FAD-A54B-5530BB57BBD3}.Debug|Any CPU.Build.0 = Debug|Any CPU
		{5DDA8759-467E-4FAD-A54B-5530BB57BBD3}.Release|Any CPU.ActiveCfg = Release|Any CPU
		{5DDA8759-467E-4FAD-A54B-5530BB57BBD3}.Release|Any CPU.Build.0 = Release|Any CPU
		{0BA9F33C-85A3-402A-B305-A2C6A431EBD6}.Debug|Any CPU.ActiveCfg = Debug|Any CPU
		{0BA9F33C-85A3-402A-B305-A2C6A431EBD6}.Debug|Any CPU.Build.0 = Debug|Any CPU
		{0BA9F33C-85A3-402A-B305-A2C6A431EBD6}.Release|Any CPU.ActiveCfg = Release|Any CPU
		{0BA9F33C-85A3-402A-B305-A2C6A431EBD6}.Release|Any CPU.Build.0 = Release|Any CPU
		{0BD7BAFC-143D-45A7-92D6-01E87B9BE614}.Debug|Any CPU.ActiveCfg = Debug|Any CPU
		{0BD7BAFC-143D-45A7-92D6-01E87B9BE614}.Debug|Any CPU.Build.0 = Debug|Any CPU
		{0BD7BAFC-143D-45A7-92D6-01E87B9BE614}.Release|Any CPU.ActiveCfg = Release|Any CPU
		{0BD7BAFC-143D-45A7-92D6-01E87B9BE614}.Release|Any CPU.Build.0 = Release|Any CPU
		{98AD57FC-7F30-47AC-B3F9-754CEBFF34B8}.Debug|Any CPU.ActiveCfg = Debug|Any CPU
		{98AD57FC-7F30-47AC-B3F9-754CEBFF34B8}.Debug|Any CPU.Build.0 = Debug|Any CPU
		{98AD57FC-7F30-47AC-B3F9-754CEBFF34B8}.Release|Any CPU.ActiveCfg = Release|Any CPU
		{98AD57FC-7F30-47AC-B3F9-754CEBFF34B8}.Release|Any CPU.Build.0 = Release|Any CPU
	EndGlobalSection
	GlobalSection(SolutionProperties) = preSolution
		HideSolutionNode = FALSE
	EndGlobalSection
	GlobalSection(NestedProjects) = preSolution
		{1D29C3DA-C19B-4FF6-BD8F-FD3A81733B5E} = {B3FF410E-795A-49E8-A004-A5FC6FB0E19C}
		{0289E085-649B-40E3-9E4E-1159218D1CE9} = {3C560597-E8A3-407F-AAB5-0C70864D3504}
		{01E5BB11-0C90-4923-A406-B1595F11E5A2} = {3C560597-E8A3-407F-AAB5-0C70864D3504}
		{BE6AE0AA-3FA3-428F-BDD5-275B95B67705} = {68907034-C9B1-48E2-9145-DAE8EC6EB7DE}
		{C379DF6D-7ABA-4953-A31E-774851D5A8CB} = {3C560597-E8A3-407F-AAB5-0C70864D3504}
		{4DB9B09A-911C-49CE-B313-87C13FE936D1} = {3C560597-E8A3-407F-AAB5-0C70864D3504}
		{38E1EE70-F050-414B-AAD7-EC12AE0893E3} = {3C560597-E8A3-407F-AAB5-0C70864D3504}
		{CF8F2425-C111-40AE-858E-80387BC18054} = {3C560597-E8A3-407F-AAB5-0C70864D3504}
		{1BBD7649-C601-4102-950F-27C60F181E63} = {68907034-C9B1-48E2-9145-DAE8EC6EB7DE}
		{5DDA8759-467E-4FAD-A54B-5530BB57BBD3} = {C9BF1977-395C-41FE-9E75-F8E67920353E}
		{0BA9F33C-85A3-402A-B305-A2C6A431EBD6} = {C9BF1977-395C-41FE-9E75-F8E67920353E}
		{0BD7BAFC-143D-45A7-92D6-01E87B9BE614} = {C9BF1977-395C-41FE-9E75-F8E67920353E}
		{98AD57FC-7F30-47AC-B3F9-754CEBFF34B8} = {C9BF1977-395C-41FE-9E75-F8E67920353E}
	EndGlobalSection
	GlobalSection(ExtensibilityGlobals) = postSolution
		SolutionGuid = {D0651FB8-29BD-493A-8296-64DAB069720C}
	EndGlobalSection
EndGlobal
